
Microsoft Visual Studio Solution File, Format Version 12.00
# Visual Studio Version 16
VisualStudioVersion = 16.0.32929.386
MinimumVisualStudioVersion = 10.0.40219.1
Project("{C9674DCB-5085-4A16-B785-4C70DD1589BD}") = "Maxis-Task1", "Maxis-Task1\Maxis-Task1.dtproj", "{AB8FF582-BBAE-4ADC-8A35-A7D22BB52860}"
EndProject
Global
	GlobalSection(SolutionConfigurationPlatforms) = preSolution
		Development|Default = Development|Default
	EndGlobalSection
	GlobalSection(ProjectConfigurationPlatforms) = postSolution
		{AB8FF582-BBAE-4ADC-8A35-A7D22BB52860}.Development|Default.ActiveCfg = Development
		{AB8FF582-BBAE-4ADC-8A35-A7D22BB52860}.Development|Default.Build.0 = Development
	EndGlobalSection
	GlobalSection(SolutionProperties) = preSolution
		HideSolutionNode = FALSE
	EndGlobalSection
	GlobalSection(ExtensibilityGlobals) = postSolution
		SolutionGuid = {6C7DD55C-791F-4648-946C-F88D317B26DD}
	EndGlobalSection
EndGlobal
